
Microsoft Visual Studio Solution File, Format Version 12.00
# Visual Studio Version 16
VisualStudioVersion = 16.0.31727.386
MinimumVisualStudioVersion = 10.0.40219.1
Project("{FAE04EC0-301F-11D3-BF4B-00C04F79EFBC}") = "SharpEditor", "SharpEditor.csproj", "{29885FF9-8918-4764-B7CB-85971521AA4A}"
EndProject
Global
	GlobalSection(SolutionConfigurationPlatforms) = preSolution
		Debug|Any CPU = Debug|Any CPU
		Release|Any CPU = Release|Any CPU
	EndGlobalSection
	GlobalSection(ProjectConfigurationPlatforms) = postSolution
		{29885FF9-8918-4764-B7CB-85971521AA4A}.Debug|Any CPU.ActiveCfg = Debug|Any CPU
		{29885FF9-8918-4764-B7CB-85971521AA4A}.Debug|Any CPU.Build.0 = Debug|Any CPU
		{29885FF9-8918-4764-B7CB-85971521AA4A}.Release|Any CPU.ActiveCfg = Release|Any CPU
		{29885FF9-8918-4764-B7CB-85971521AA4A}.Release|Any CPU.Build.0 = Release|Any CPU
	EndGlobalSection
	GlobalSection(SolutionProperties) = preSolution
		HideSolutionNode = FALSE
	EndGlobalSection
	GlobalSection(ExtensibilityGlobals) = postSolution
		SolutionGuid = {AD06199E-1E91-42AE-AD98-618781F57E30}
	EndGlobalSection
EndGlobal
